
Microsoft Visual Studio Solution File, Format Version 12.00
# Visual Studio 14
VisualStudioVersion = 14.0.23107.0
MinimumVisualStudioVersion = 10.0.40219.1
Project("{FAE04EC0-301F-11D3-BF4B-00C04F79EFBC}") = "S00153208Clubs", "S00153208Clubs\S00153208Clubs.csproj", "{65A29DA3-372D-402B-B196-B32712C96E3B}"
EndProject
Global
	GlobalSection(SolutionConfigurationPlatforms) = preSolution
		Debug|Any CPU = Debug|Any CPU
		Release|Any CPU = Release|Any CPU
	EndGlobalSection
	GlobalSection(ProjectConfigurationPlatforms) = postSolution
		{65A29DA3-372D-402B-B196-B32712C96E3B}.Debug|Any CPU.ActiveCfg = Debug|Any CPU
		{65A29DA3-372D-402B-B196-B32712C96E3B}.Debug|Any CPU.Build.0 = Debug|Any CPU
		{65A29DA3-372D-402B-B196-B32712C96E3B}.Release|Any CPU.ActiveCfg = Release|Any CPU
		{65A29DA3-372D-402B-B196-B32712C96E3B}.Release|Any CPU.Build.0 = Release|Any CPU
	EndGlobalSection
	GlobalSection(SolutionProperties) = preSolution
		HideSolutionNode = FALSE
	EndGlobalSection
EndGlobal
